
Microsoft Visual Studio Solution File, Format Version 12.00
# Visual Studio Version 17
VisualStudioVersion = 17.6.33723.286
MinimumVisualStudioVersion = 10.0.40219.1
Project("{FAE04EC0-301F-11D3-BF4B-00C04F79EFBC}") = "ConectaEmpresa", "ConectaEmpresa\ConectaEmpresa.csproj", "{13F43AA9-C37B-430A-8BC3-941129EB346F}"
EndProject
Global
	GlobalSection(SolutionConfigurationPlatforms) = preSolution
		Debug|Any CPU = Debug|Any CPU
		Release|Any CPU = Release|Any CPU
	EndGlobalSection
	GlobalSection(ProjectConfigurationPlatforms) = postSolution
		{13F43AA9-C37B-430A-8BC3-941129EB346F}.Debug|Any CPU.ActiveCfg = Debug|Any CPU
		{13F43AA9-C37B-430A-8BC3-941129EB346F}.Debug|Any CPU.Build.0 = Debug|Any CPU
		{13F43AA9-C37B-430A-8BC3-941129EB346F}.Release|Any CPU.ActiveCfg = Release|Any CPU
		{13F43AA9-C37B-430A-8BC3-941129EB346F}.Release|Any CPU.Build.0 = Release|Any CPU
	EndGlobalSection
	GlobalSection(SolutionProperties) = preSolution
		HideSolutionNode = FALSE
	EndGlobalSection
	GlobalSection(ExtensibilityGlobals) = postSolution
		SolutionGuid = {79BD46E4-2E74-4012-BC14-49844517CE5E}
	EndGlobalSection
EndGlobal
